// !$*UTF8*$!
{
	archiveVersion = 1;
	classes = {
	};
	objectVersion = 46;
	objects = {

/* Begin PBXBuildFile section */
		171D600B1EE14081003F4346 /* AppDelegate.swift in Sources */ = {isa = PBXBuildFile; fileRef = 171D600A1EE14081003F4346 /* AppDelegate.swift */; };
		171D600D1EE14081003F4346 /* ViewController.swift in Sources */ = {isa = PBXBuildFile; fileRef = 171D600C1EE14081003F4346 /* ViewController.swift */; };
		171D60101EE14081003F4346 /* Main.storyboard in Resources */ = {isa = PBXBuildFile; fileRef = 171D600E1EE14081003F4346 /* Main.storyboard */; };
		171D60131EE14081003F4346 /* ApplePaytest.xcdatamodeld in Sources */ = {isa = PBXBuildFile; fileRef = 171D60111EE14081003F4346 /* ApplePaytest.xcdatamodeld */; };
		171D60151EE14081003F4346 /* Assets.xcassets in Resources */ = {isa = PBXBuildFile; fileRef = 171D60141EE14081003F4346 /* Assets.xcassets */; };
		171D60181EE14081003F4346 /* LaunchScreen.storyboard in Resources */ = {isa = PBXBuildFile; fileRef = 171D60161EE14081003F4346 /* LaunchScreen.storyboard */; };
		171D60231EE14082003F4346 /* ApplePaytestTests.swift in Sources */ = {isa = PBXBuildFile; fileRef = 171D60221EE14082003F4346 /* ApplePaytestTests.swift */; };
		171D602E1EE14082003F4346 /* ApplePaytestUITests.swift in Sources */ = {isa = PBXBuildFile; fileRef = 171D602D1EE14082003F4346 /* ApplePaytestUITests.swift */; };
		171D60401EE184F2003F4346 /* PassKit.framework in Frameworks */ = {isa = PBXBuildFile; fileRef = 171D603F1EE184F2003F4346 /* PassKit.framework */; };
/* End PBXBuildFile section */

/* Begin PBXContainerItemProxy section */
		171D601F1EE14082003F4346 /* PBXContainerItemProxy */ = {
			isa = PBXContainerItemProxy;
			containerPortal = 171D5FFF1EE14081003F4346 /* Project object */;
			proxyType = 1;
			remoteGlobalIDString = 171D60061EE14081003F4346;
			remoteInfo = ApplePaytest;
		};
		171D602A1EE14082003F4346 /* PBXContainerItemProxy */ = {
			isa = PBXContainerItemProxy;
			containerPortal = 171D5FFF1EE14081003F4346 /* Project object */;
			proxyType = 1;
			remoteGlobalIDString = 171D60061EE14081003F4346;
			remoteInfo = ApplePaytest;
		};
/* End PBXContainerItemProxy section */

/* Begin PBXFileReference section */
		171D60071EE14081003F4346 /* ApplePaytest.app */ = {isa = PBXFileReference; explicitFileType = wrapper.application; includeInIndex = 0; path = ApplePaytest.app; sourceTree = BUILT_PRODUCTS_DIR; };
		171D600A1EE14081003F4346 /* AppDelegate.swift */ = {isa = PBXFileReference; lastKnownFileType = sourcecode.swift; path = AppDelegate.swift; sourceTree = "<group>"; };
		171D600C1EE14081003F4346 /* ViewController.swift */ = {isa = PBXFileReference; lastKnownFileType = sourcecode.swift; path = ViewController.swift; sourceTree = "<group>"; };
		171D600F1EE14081003F4346 /* Base */ = {isa = PBXFileReference; lastKnownFileType = file.storyboard; name = Base; path = Base.lproj/Main.storyboard; sourceTree = "<group>"; };
		171D60121EE14081003F4346 /* ApplePaytest.xcdatamodel */ = {isa = PBXFileReference; lastKnownFileType = wrapper.xcdatamodel; path = ApplePaytest.xcdatamodel; sourceTree = "<group>"; };
		171D60141EE14081003F4346 /* Assets.xcassets */ = {isa = PBXFileReference; lastKnownFileType = folder.assetcatalog; path = Assets.xcassets; sourceTree = "<group>"; };
		171D60171EE14081003F4346 /* Base */ = {isa = PBXFileReference; lastKnownFileType = file.storyboard; name = Base; path = Base.lproj/LaunchScreen.storyboard; sourceTree = "<group>"; };
		171D60191EE14081003F4346 /* Info.plist */ = {isa = PBXFileReference; lastKnownFileType = text.plist.xml; path = Info.plist; sourceTree = "<group>"; };
		171D601E1EE14082003F4346 /* ApplePaytestTests.xctest */ = {isa = PBXFileReference; explicitFileType = wrapper.cfbundle; includeInIndex = 0; path = ApplePaytestTests.xctest; sourceTree = BUILT_PRODUCTS_DIR; };
		171D60221EE14082003F4346 /* ApplePaytestTests.swift */ = {isa = PBXFileReference; lastKnownFileType = sourcecode.swift; path = ApplePaytestTests.swift; sourceTree = "<group>"; };
		171D60241EE14082003F4346 /* Info.plist */ = {isa = PBXFileReference; lastKnownFileType = text.plist.xml; path = Info.plist; sourceTree = "<group>"; };
		171D60291EE14082003F4346 /* ApplePaytestUITests.xctest */ = {isa = PBXFileReference; explicitFileType = wrapper.cfbundle; includeInIndex = 0; path = ApplePaytestUITests.xctest; sourceTree = BUILT_PRODUCTS_DIR; };
		171D602D1EE14082003F4346 /* ApplePaytestUITests.swift */ = {isa = PBXFileReference; lastKnownFileType = sourcecode.swift; path = ApplePaytestUITests.swift; sourceTree = "<group>"; };
		171D602F1EE14082003F4346 /* Info.plist */ = {isa = PBXFileReference; lastKnownFileType = text.plist.xml; path = Info.plist; sourceTree = "<group>"; };
		171D603B1EE1408C003F4346 /* ApplePaytest.entitlements */ = {isa = PBXFileReference; lastKnownFileType = text.plist.entitlements; path = ApplePaytest.entitlements; sourceTree = "<group>"; };
		171D603F1EE184F2003F4346 /* PassKit.framework */ = {isa = PBXFileReference; lastKnownFileType = wrapper.framework; name = PassKit.framework; path = System/Library/Frameworks/PassKit.framework; sourceTree = SDKROOT; };
/* End PBXFileReference section */

/* Begin PBXFrameworksBuildPhase section */
		171D60041EE14081003F4346 /* Frameworks */ = {
			isa = PBXFrameworksBuildPhase;
			buildActionMask = 2147483647;
			files = (
				171D60401EE184F2003F4346 /* PassKit.framework in Frameworks */,
			);
			runOnlyForDeploymentPostprocessing = 0;
		};
		171D601B1EE14082003F4346 /* Frameworks */ = {
			isa = PBXFrameworksBuildPhase;
			buildActionMask = 2147483647;
			files = (
			);
			runOnlyForDeploymentPostprocessing = 0;
		};
		171D60261EE14082003F4346 /* Frameworks */ = {
			isa = PBXFrameworksBuildPhase;
			buildActionMask = 2147483647;
			files = (
			);
			runOnlyForDeploymentPostprocessing = 0;
		};
/* End PBXFrameworksBuildPhase section */

/* Begin PBXGroup section */
		171D5FFE1EE14081003F4346 = {
			isa = PBXGroup;
			children = (
				171D60091EE14081003F4346 /* ApplePaytest */,
				171D60211EE14082003F4346 /* ApplePaytestTests */,
				171D602C1EE14082003F4346 /* ApplePaytestUITests */,
				171D60081EE14081003F4346 /* Products */,
				171D603C1EE14262003F4346 /* Frameworks */,
			);
			sourceTree = "<group>";
		};
		171D60081EE14081003F4346 /* Products */ = {
			isa = PBXGroup;
			children = (
				171D60071EE14081003F4346 /* ApplePaytest.app */,
				171D601E1EE14082003F4346 /* ApplePaytestTests.xctest */,
				171D60291EE14082003F4346 /* ApplePaytestUITests.xctest */,
			);
			name = Products;
			sourceTree = "<group>";
		};
		171D60091EE14081003F4346 /* ApplePaytest */ = {
			isa = PBXGroup;
			children = (
				171D603B1EE1408C003F4346 /* ApplePaytest.entitlements */,
				171D600A1EE14081003F4346 /* AppDelegate.swift */,
				171D600C1EE14081003F4346 /* ViewController.swift */,
				171D600E1EE14081003F4346 /* Main.storyboard */,
				171D60141EE14081003F4346 /* Assets.xcassets */,
				171D60161EE14081003F4346 /* LaunchScreen.storyboard */,
				171D60191EE14081003F4346 /* Info.plist */,
				171D60111EE14081003F4346 /* ApplePaytest.xcdatamodeld */,
			);
			path = ApplePaytest;
			sourceTree = "<group>";
		};
		171D60211EE14082003F4346 /* ApplePaytestTests */ = {
			isa = PBXGroup;
			children = (
				171D60221EE14082003F4346 /* ApplePaytestTests.swift */,
				171D60241EE14082003F4346 /* Info.plist */,
			);
			path = ApplePaytestTests;
			sourceTree = "<group>";
		};
		171D602C1EE14082003F4346 /* ApplePaytestUITests */ = {
			isa = PBXGroup;
			children = (
				171D602D1EE14082003F4346 /* ApplePaytestUITests.swift */,
				171D602F1EE14082003F4346 /* Info.plist */,
			);
			path = ApplePaytestUITests;
			sourceTree = "<group>";
		};
		171D603C1EE14262003F4346 /* Frameworks */ = {
			isa = PBXGroup;
			children = (
				171D603F1EE184F2003F4346 /* PassKit.framework */,
			);
			name = Frameworks;
			sourceTree = "<group>";
		};
/* End PBXGroup section */

/* Begin PBXNativeTarget section */
		171D60061EE14081003F4346 /* ApplePaytest */ = {
			isa = PBXNativeTarget;
			buildConfigurationList = 171D60321EE14082003F4346 /* Build configuration list for PBXNativeTarget "ApplePaytest" */;
			buildPhases = (
				171D60031EE14081003F4346 /* Sources */,
				171D60041EE14081003F4346 /* Frameworks */,
				171D60051EE14081003F4346 /* Resources */,
			);
			buildRules = (
			);
			dependencies = (
			);
			name = ApplePaytest;
			productName = ApplePaytest;
			productReference = 171D60071EE14081003F4346 /* ApplePaytest.app */;
			productType = "com.apple.product-type.application";
		};
		171D601D1EE14082003F4346 /* ApplePaytestTests */ = {
			isa = PBXNativeTarget;
			buildConfigurationList = 171D60351EE14082003F4346 /* Build configuration list for PBXNativeTarget "ApplePaytestTests" */;
			buildPhases = (
				171D601A1EE14082003F4346 /* Sources */,
				171D601B1EE14082003F4346 /* Frameworks */,
				171D601C1EE14082003F4346 /* Resources */,
			);
			buildRules = (
			);
			dependencies = (
				171D60201EE14082003F4346 /* PBXTargetDependency */,
			);
			name = ApplePaytestTests;
			productName = ApplePaytestTests;
			productReference = 171D601E1EE14082003F4346 /* ApplePaytestTests.xctest */;
			productType = "com.apple.product-type.bundle.unit-test";
		};
		171D60281EE14082003F4346 /* ApplePaytestUITests */ = {
			isa = PBXNativeTarget;
			buildConfigurationList = 171D60381EE14082003F4346 /* Build configuration list for PBXNativeTarget "ApplePaytestUITests" */;
			buildPhases = (
				171D60251EE14082003F4346 /* Sources */,
				171D60261EE14082003F4346 /* Frameworks */,
				171D60271EE14082003F4346 /* Resources */,
			);
			buildRules = (
			);
			dependencies = (
				171D602B1EE14082003F4346 /* PBXTargetDependency */,
			);
			name = ApplePaytestUITests;
			productName = ApplePaytestUITests;
			productReference = 171D60291EE14082003F4346 /* ApplePaytestUITests.xctest */;
			productType = "com.apple.product-type.bundle.ui-testing";
		};
/* End PBXNativeTarget section */

/* Begin PBXProject section */
		171D5FFF1EE14081003F4346 /* Project object */ = {
			isa = PBXProject;
			attributes = {
				LastSwiftUpdateCheck = 0830;
				LastUpgradeCheck = 0830;
				ORGANIZATIONNAME = Anand;
				TargetAttributes = {
					171D60061EE14081003F4346 = {
						CreatedOnToolsVersion = 8.3.2;
						ProvisioningStyle = Automatic;
						SystemCapabilities = {
							com.apple.ApplePay = {
								enabled = 1;
							};
							com.apple.Siri = {
								enabled = 0;
							};
							com.apple.Wallet = {
								enabled = 0;
							};
						};
					};
					171D601D1EE14082003F4346 = {
						CreatedOnToolsVersion = 8.3.2;
						ProvisioningStyle = Automatic;
						TestTargetID = 171D60061EE14081003F4346;
					};
					171D60281EE14082003F4346 = {
						CreatedOnToolsVersion = 8.3.2;
						ProvisioningStyle = Automatic;
						TestTargetID = 171D60061EE14081003F4346;
					};
				};
			};
			buildConfigurationList = 171D60021EE14081003F4346 /* Build configuration list for PBXProject "ApplePaytest" */;
			compatibilityVersion = "Xcode 3.2";
			developmentRegion = English;
			hasScannedForEncodings = 0;
			knownRegions = (
				en,
				Base,
			);
			mainGroup = 171D5FFE1EE14081003F4346;
			productRefGroup = 171D60081EE14081003F4346 /* Products */;
			projectDirPath = "";
			projectRoot = "";
			targets = (
				171D60061EE14081003F4346 /* ApplePaytest */,
				171D601D1EE14082003F4346 /* ApplePaytestTests */,
				171D60281EE14082003F4346 /* ApplePaytestUITests */,
			);
		};
/* End PBXProject section */

/* Begin PBXResourcesBuildPhase section */
		171D60051EE14081003F4346 /* Resources */ = {
			isa = PBXResourcesBuildPhase;
			buildActionMask = 2147483647;
			files = (
				171D60181EE14081003F4346 /* LaunchScreen.storyboard in Resources */,
				171D60151EE14081003F4346 /* Assets.xcassets in Resources */,
				171D60101EE14081003F4346 /* Main.storyboard in Resources */,
			);
			runOnlyForDeploymentPostprocessing = 0;
		};
		171D601C1EE14082003F4346 /* Resources */ = {
			isa = PBXResourcesBuildPhase;
			buildActionMask = 2147483647;
			files = (
			);
			runOnlyForDeploymentPostprocessing = 0;
		};
		171D60271EE14082003F4346 /* Resources */ = {
			isa = PBXResourcesBuildPhase;
			buildActionMask = 2147483647;
			files = (
			);
			runOnlyForDeploymentPostprocessing = 0;
		};
/* End PBXResourcesBuildPhase section */

/* Begin PBXSourcesBuildPhase section */
		171D60031EE14081003F4346 /* Sources */ = {
			isa = PBXSourcesBuildPhase;
			buildActionMask = 2147483647;
			files = (
				171D60131EE14081003F4346 /* ApplePaytest.xcdatamodeld in Sources */,
				171D600D1EE14081003F4346 /* ViewController.swift in Sources */,
				171D600B1EE14081003F4346 /* AppDelegate.swift in Sources */,
			);
			runOnlyForDeploymentPostprocessing = 0;
		};
		171D601A1EE14082003F4346 /* Sources */ = {
			isa = PBXSourcesBuildPhase;
			buildActionMask = 2147483647;
			files = (
				171D60231EE14082003F4346 /* ApplePaytestTests.swift in Sources */,
			);
			runOnlyForDeploymentPostprocessing = 0;
		};
		171D60251EE14082003F4346 /* Sources */ = {
			isa = PBXSourcesBuildPhase;
			buildActionMask = 2147483647;
			files = (
				171D602E1EE14082003F4346 /* ApplePaytestUITests.swift in Sources */,
			);
			runOnlyForDeploymentPostprocessing = 0;
		};
/* End PBXSourcesBuildPhase section */

/* Begin PBXTargetDependency section */
		171D60201EE14082003F4346 /* PBXTargetDependency */ = {
			isa = PBXTargetDependency;
			target = 171D60061EE14081003F4346 /* ApplePaytest */;
			targetProxy = 171D601F1EE14082003F4346 /* PBXContainerItemProxy */;
		};
		171D602B1EE14082003F4346 /* PBXTargetDependency */ = {
			isa = PBXTargetDependency;
			target = 171D60061EE14081003F4346 /* ApplePaytest */;
			targetProxy = 171D602A1EE14082003F4346 /* PBXContainerItemProxy */;
		};
/* End PBXTargetDependency section */

/* Begin PBXVariantGroup section */
		171D600E1EE14081003F4346 /* Main.storyboard */ = {
			isa = PBXVariantGroup;
			children = (
				171D600F1EE14081003F4346 /* Base */,
			);
			name = Main.storyboard;
			sourceTree = "<group>";
		};
		171D60161EE14081003F4346 /* LaunchScreen.storyboard */ = {
			isa = PBXVariantGroup;
			children = (
				171D60171EE14081003F4346 /* Base */,
			);
			name = LaunchScreen.storyboard;
			sourceTree = "<group>";
		};
/* End PBXVariantGroup section */

/* Begin XCBuildConfiguration section */
		171D60301EE14082003F4346 /* Debug */ = {
			isa = XCBuildConfiguration;
			buildSettings = {
				ALWAYS_SEARCH_USER_PATHS = NO;
				CLANG_ANALYZER_NONNULL = YES;
				CLANG_ANALYZER_NUMBER_OBJECT_CONVERSION = YES_AGGRESSIVE;
				CLANG_CXX_LANGUAGE_STANDARD = "gnu++0x";
				CLANG_CXX_LIBRARY = "libc++";
				CLANG_ENABLE_MODULES = YES;
				CLANG_ENABLE_OBJC_ARC = YES;
				CLANG_WARN_BOOL_CONVERSION = YES;
				CLANG_WARN_CONSTANT_CONVERSION = YES;
				CLANG_WARN_DIRECT_OBJC_ISA_USAGE = YES_ERROR;
				CLANG_WARN_DOCUMENTATION_COMMENTS = YES;
				CLANG_WARN_EMPTY_BODY = YES;
				CLANG_WARN_ENUM_CONVERSION = YES;
				CLANG_WARN_INFINITE_RECURSION = YES;
				CLANG_WARN_INT_CONVERSION = YES;
				CLANG_WARN_OBJC_ROOT_CLASS = YES_ERROR;
				CLANG_WARN_SUSPICIOUS_MOVE = YES;
				CLANG_WARN_UNREACHABLE_CODE = YES;
				CLANG_WARN__DUPLICATE_METHOD_MATCH = YES;
				"CODE_SIGN_IDENTITY[sdk=iphoneos*]" = "iPhone Developer";
				COPY_PHASE_STRIP = NO;
				DEBUG_INFORMATION_FORMAT = dwarf;
				ENABLE_STRICT_OBJC_MSGSEND = YES;
				ENABLE_TESTABILITY = YES;
				GCC_C_LANGUAGE_STANDARD = gnu99;
				GCC_DYNAMIC_NO_PIC = NO;
				GCC_NO_COMMON_BLOCKS = YES;
				GCC_OPTIMIZATION_LEVEL = 0;
				GCC_PREPROCESSOR_DEFINITIONS = (
					"DEBUG=1",
					"$(inherited)",
				);
				GCC_WARN_64_TO_32_BIT_CONVERSION = YES;
				GCC_WARN_ABOUT_RETURN_TYPE = YES_ERROR;
				GCC_WARN_UNDECLARED_SELECTOR = YES;
				GCC_WARN_UNINITIALIZED_AUTOS = YES_AGGRESSIVE;
				GCC_WARN_UNUSED_FUNCTION = YES;
				GCC_WARN_UNUSED_VARIABLE = YES;
				IPHONEOS_DEPLOYMENT_TARGET = 10.3;
				MTL_ENABLE_DEBUG_INFO = YES;
				ONLY_ACTIVE_ARCH = YES;
				SDKROOT = iphoneos;
				SWIFT_ACTIVE_COMPILATION_CONDITIONS = DEBUG;
				SWIFT_OPTIMIZATION_LEVEL = "-Onone";
				TARGETED_DEVICE_FAMILY = "1,2";
			};
			name = Debug;
		};
		171D60311EE14082003F4346 /* Release */ = {
			isa = XCBuildConfiguration;
			buildSettings = {
				ALWAYS_SEARCH_USER_PATHS = NO;
				CLANG_ANALYZER_NONNULL = YES;
				CLANG_ANALYZER_NUMBER_OBJECT_CONVERSION = YES_AGGRESSIVE;
				CLANG_CXX_LANGUAGE_STANDARD = "gnu++0x";
				CLANG_CXX_LIBRARY = "libc++";
				CLANG_ENABLE_MODULES = YES;
				CLANG_ENABLE_OBJC_ARC = YES;
				CLANG_WARN_BOOL_CONVERSION = YES;
				CLANG_WARN_CONSTANT_CONVERSION = YES;
				CLANG_WARN_DIRECT_OBJC_ISA_USAGE = YES_ERROR;
				CLANG_WARN_DOCUMENTATION_COMMENTS = YES;
				CLANG_WARN_EMPTY_BODY = YES;
				CLANG_WARN_ENUM_CONVERSION = YES;
				CLANG_WARN_INFINITE_RECURSION = YES;
				CLANG_WARN_INT_CONVERSION = YES;
				CLANG_WARN_OBJC_ROOT_CLASS = YES_ERROR;
				CLANG_WARN_SUSPICIOUS_MOVE = YES;
				CLANG_WARN_UNREACHABLE_CODE = YES;
				CLANG_WARN__DUPLICATE_METHOD_MATCH = YES;
				"CODE_SIGN_IDENTITY[sdk=iphoneos*]" = "iPhone Developer";
				COPY_PHASE_STRIP = NO;
				DEBUG_INFORMATION_FORMAT = "dwarf-with-dsym";
				ENABLE_NS_ASSERTIONS = NO;
				ENABLE_STRICT_OBJC_MSGSEND = YES;
				GCC_C_LANGUAGE_STANDARD = gnu99;
				GCC_NO_COMMON_BLOCKS = YES;
				GCC_WARN_64_TO_32_BIT_CONVERSION = YES;
				GCC_WARN_ABOUT_RETURN_TYPE = YES_ERROR;
				GCC_WARN_UNDECLARED_SELECTOR = YES;
				GCC_WARN_UNINITIALIZED_AUTOS = YES_AGGRESSIVE;
				GCC_WARN_UNUSED_FUNCTION = YES;
				GCC_WARN_UNUSED_VARIABLE = YES;
				IPHONEOS_DEPLOYMENT_TARGET = 10.3;
				MTL_ENABLE_DEBUG_INFO = NO;
				SDKROOT = iphoneos;
				SWIFT_OPTIMIZATION_LEVEL = "-Owholemodule";
				TARGETED_DEVICE_FAMILY = "1,2";
				VALIDATE_PRODUCT = YES;
			};
			name = Release;
		};
		171D60331EE14082003F4346 /* Debug */ = {
			isa = XCBuildConfiguration;
			buildSettings = {
				ASSETCATALOG_COMPILER_APPICON_NAME = AppIcon;
				CODE_SIGN_ENTITLEMENTS = ApplePaytest/ApplePaytest.entitlements;
				DEVELOPMENT_TEAM = "";
				INFOPLIST_FILE = ApplePaytest/Info.plist;
				LD_RUNPATH_SEARCH_PATHS = "$(inherited) @executable_path/Frameworks";
				PRODUCT_BUNDLE_IDENTIFIER = com.xxxxxx.applepaytest;
				PRODUCT_NAME = "$(TARGET_NAME)";
				SWIFT_VERSION = 3.0;
			};
			name = Debug;
		};
		171D60341EE14082003F4346 /* Release */ = {
			isa = XCBuildConfiguration;
			buildSettings = {
				ASSETCATALOG_COMPILER_APPICON_NAME = AppIcon;
				CODE_SIGN_ENTITLEMENTS = ApplePaytest/ApplePaytest.entitlements;
				DEVELOPMENT_TEAM = "";
				INFOPLIST_FILE = ApplePaytest/Info.plist;
				LD_RUNPATH_SEARCH_PATHS = "$(inherited) @executable_path/Frameworks";
				PRODUCT_BUNDLE_IDENTIFIER = com.xxxxxx.applepaytest;
				PRODUCT_NAME = "$(TARGET_NAME)";
				SWIFT_VERSION = 3.0;
			};
			name = Release;
		};
		171D60361EE14082003F4346 /* Debug */ = {
			isa = XCBuildConfiguration;
			buildSettings = {
				ALWAYS_EMBED_SWIFT_STANDARD_LIBRARIES = YES;
				BUNDLE_LOADER = "$(TEST_HOST)";
				INFOPLIST_FILE = ApplePaytestTests/Info.plist;
				LD_RUNPATH_SEARCH_PATHS = "$(inherited) @executable_path/Frameworks @loader_path/Frameworks";
				PRODUCT_BUNDLE_IDENTIFIER = merchant.com.xxxxxx.ApplePaytestTests;
				PRODUCT_NAME = "$(TARGET_NAME)";
				SWIFT_VERSION = 3.0;
				TEST_HOST = "$(BUILT_PRODUCTS_DIR)/ApplePaytest.app/ApplePaytest";
			};
			name = Debug;
		};
		171D60371EE14082003F4346 /* Release */ = {
			isa = XCBuildConfiguration;
			buildSettings = {
				ALWAYS_EMBED_SWIFT_STANDARD_LIBRARIES = YES;
				BUNDLE_LOADER = "$(TEST_HOST)";
				INFOPLIST_FILE = ApplePaytestTests/Info.plist;
				LD_RUNPATH_SEARCH_PATHS = "$(inherited) @executable_path/Frameworks @loader_path/Frameworks";
				PRODUCT_BUNDLE_IDENTIFIER = merchant.com.xxxxxx.ApplePaytestTests;
				PRODUCT_NAME = "$(TARGET_NAME)";
				SWIFT_VERSION = 3.0;
				TEST_HOST = "$(BUILT_PRODUCTS_DIR)/ApplePaytest.app/ApplePaytest";
			};
			name = Release;
		};
		171D60391EE14082003F4346 /* Debug */ = {
			isa = XCBuildConfiguration;
			buildSettings = {
				ALWAYS_EMBED_SWIFT_STANDARD_LIBRARIES = YES;
				INFOPLIST_FILE = ApplePaytestUITests/Info.plist;
				LD_RUNPATH_SEARCH_PATHS = "$(inherited) @executable_path/Frameworks @loader_path/Frameworks";
				PRODUCT_BUNDLE_IDENTIFIER = merchant.com.xxxxxx.ApplePaytestUITests;
				PRODUCT_NAME = "$(TARGET_NAME)";
				SWIFT_VERSION = 3.0;
				TEST_TARGET_NAME = ApplePaytest;
			};
			name = Debug;
		};
		171D603A1EE14082003F4346 /* Release */ = {
			isa = XCBuildConfiguration;
			buildSettings = {
				ALWAYS_EMBED_SWIFT_STANDARD_LIBRARIES = YES;
				INFOPLIST_FILE = ApplePaytestUITests/Info.plist;
				LD_RUNPATH_SEARCH_PATHS = "$(inherited) @executable_path/Frameworks @loader_path/Frameworks";
				PRODUCT_BUNDLE_IDENTIFIER = merchant.com.xxxxxx.ApplePaytestUITests;
				PRODUCT_NAME = "$(TARGET_NAME)";
				SWIFT_VERSION = 3.0;
				TEST_TARGET_NAME = ApplePaytest;
			};
			name = Release;
		};
/* End XCBuildConfiguration section */

/* Begin XCConfigurationList section */
		171D60021EE14081003F4346 /* Build configuration list for PBXProject "ApplePaytest" */ = {
			isa = XCConfigurationList;
			buildConfigurations = (
				171D60301EE14082003F4346 /* Debug */,
				171D60311EE14082003F4346 /* Release */,
			);
			defaultConfigurationIsVisible = 0;
			defaultConfigurationName = Release;
		};
		171D60321EE14082003F4346 /* Build configuration list for PBXNativeTarget "ApplePaytest" */ = {
			isa = XCConfigurationList;
			buildConfigurations = (
				171D60331EE14082003F4346 /* Debug */,
				171D60341EE14082003F4346 /* Release */,
			);
			defaultConfigurationIsVisible = 0;
			defaultConfigurationName = Release;
		};
		171D60351EE14082003F4346 /* Build configuration list for PBXNativeTarget "ApplePaytestTests" */ = {
			isa = XCConfigurationList;
			buildConfigurations = (
				171D60361EE14082003F4346 /* Debug */,
				171D60371EE14082003F4346 /* Release */,
			);
			defaultConfigurationIsVisible = 0;
			defaultConfigurationName = Release;
		};
		171D60381EE14082003F4346 /* Build configuration list for PBXNativeTarget "ApplePaytestUITests" */ = {
			isa = XCConfigurationList;
			buildConfigurations = (
				171D60391EE14082003F4346 /* Debug */,
				171D603A1EE14082003F4346 /* Release */,
			);
			defaultConfigurationIsVisible = 0;
			defaultConfigurationName = Release;
		};
/* End XCConfigurationList section */

/* Begin XCVersionGroup section */
		171D60111EE14081003F4346 /* ApplePaytest.xcdatamodeld */ = {
			isa = XCVersionGroup;
			children = (
				171D60121EE14081003F4346 /* ApplePaytest.xcdatamodel */,
			);
			currentVersion = 171D60121EE14081003F4346 /* ApplePaytest.xcdatamodel */;
			path = ApplePaytest.xcdatamodeld;
			sourceTree = "<group>";
			versionGroupType = wrapper.xcdatamodel;
		};
/* End XCVersionGroup section */
	};
	rootObject = 171D5FFF1EE14081003F4346 /* Project object */;
}
